
Microsoft Visual Studio Solution File, Format Version 12.00
# Visual Studio Version 17
VisualStudioVersion = 17.14.36429.23
MinimumVisualStudioVersion = 10.0.40219.1
Project("{2150E333-8FDC-42A3-9474-1A3956D46DE8}") = "Services", "Services", "{02EA681E-C7D8-13C7-8484-4AC65E1B71E8}"
EndProject
Project("{2150E333-8FDC-42A3-9474-1A3956D46DE8}") = "Catalog", "Catalog", "{C359E779-563D-4860-AB67-DB0F198ECF1D}"
EndProject
Project("{2150E333-8FDC-42A3-9474-1A3956D46DE8}") = "Discount", "Discount", "{8FF6D6FA-6A07-4736-ACC7-0B30EA15D3FF}"
EndProject
Project("{FAE04EC0-301F-11D3-BF4B-00C04F79EFBC}") = "Multishop.Discount", "Services\Discount\Multishop.Discount\Multishop.Discount.csproj", "{43F51DD4-0A68-4351-ABE2-ECB54A995CFC}"
EndProject
Project("{FAE04EC0-301F-11D3-BF4B-00C04F79EFBC}") = "Multishop.Catalog", "Services\Catalog\Multishop.Catalog\Multishop.Catalog.csproj", "{25C5971A-97D3-56EC-AC4D-FEF0E4BCC4B7}"
EndProject
Project("{2150E333-8FDC-42A3-9474-1A3956D46DE8}") = "Order", "Order", "{2ABDF6AD-2B08-45BA-9007-804DC3FA44E8}"
EndProject
Project("{2150E333-8FDC-42A3-9474-1A3956D46DE8}") = "Core", "Core", "{FA6C34E7-32A1-44F0-956F-38BE67E59975}"
EndProject
Project("{2150E333-8FDC-42A3-9474-1A3956D46DE8}") = "Infastructure", "Infastructure", "{BC85D1A9-9DE0-4361-97CC-1F72E4AA82DE}"
EndProject
Project("{2150E333-8FDC-42A3-9474-1A3956D46DE8}") = "Presentation", "Presentation", "{2A495A6E-293E-4076-89A8-E4055955F1F7}"
EndProject
Project("{FAE04EC0-301F-11D3-BF4B-00C04F79EFBC}") = "Multishop.Order.Domain", "Services\Order\Core\Multishop.Order.Domain\Multishop.Order.Domain.csproj", "{CBE33FBE-CA4C-411F-9F02-52DAD976FEB1}"
EndProject
Project("{FAE04EC0-301F-11D3-BF4B-00C04F79EFBC}") = "Multishop.Order.Application", "Services\Order\Core\Multishop.Order.Application\Multishop.Order.Application.csproj", "{EA164044-03A6-4ED0-A7BB-9BBB06C06E03}"
EndProject
Project("{FAE04EC0-301F-11D3-BF4B-00C04F79EFBC}") = "Multishop.Order.Persistence", "Services\Order\Infastructure\Multishop.Order.Persistence\Multishop.Order.Persistence.csproj", "{5EFDE688-412F-47FC-8723-80BB8B63B75B}"
EndProject
Project("{FAE04EC0-301F-11D3-BF4B-00C04F79EFBC}") = "Multishop.Order.WebApi", "Services\Order\Presentation\Multishop.Order.WebApi\Multishop.Order.WebApi.csproj", "{823E26C0-27F1-4224-BC8B-D7D9F5BE7BF5}"
EndProject
Project("{2150E333-8FDC-42A3-9474-1A3956D46DE8}") = "IdentityServer", "IdentityServer", "{F7474726-E346-44B6-9665-C90D59B63B47}"
EndProject
Project("{FAE04EC0-301F-11D3-BF4B-00C04F79EFBC}") = "Multishop.IdentityServer", "IdentityServer\Multishop.IdentityServer\Multishop.IdentityServer.csproj", "{EA14094F-FB55-5ABC-1402-B4229C4AD0B1}"
EndProject
Project("{2150E333-8FDC-42A3-9474-1A3956D46DE8}") = "Cargo", "Cargo", "{AC8E513F-3367-4FB9-A4C2-FB46734148D8}"
EndProject
Project("{FAE04EC0-301F-11D3-BF4B-00C04F79EFBC}") = "Multishop.Cargo.EntityLayer", "Services\Cargo\Multishop.Cargo.EntityLayer\Multishop.Cargo.EntityLayer.csproj", "{AECC8E3D-CFAA-49B4-BD76-5094A42E08DA}"
EndProject
Project("{FAE04EC0-301F-11D3-BF4B-00C04F79EFBC}") = "Multishop.Cargo.BusinessLayer", "Services\Cargo\Multishop.Cargo.BusinessLayer\Multishop.Cargo.BusinessLayer.csproj", "{6E287EDF-0229-4ABB-AEE2-D844B9B9EF5E}"
EndProject
Project("{FAE04EC0-301F-11D3-BF4B-00C04F79EFBC}") = "Multishop.Cargo.DataAccessLayer", "Services\Cargo\Multishop.Cargo.DataAccessLayer\Multishop.Cargo.DataAccessLayer.csproj", "{468EDFEB-52C0-487B-8D69-ED037EFE154F}"
EndProject
Project("{FAE04EC0-301F-11D3-BF4B-00C04F79EFBC}") = "Multishop.Cargo.DtoLayer", "Services\Cargo\Multishop.Cargo.DtoLayer\Multishop.Cargo.DtoLayer.csproj", "{25C9E96A-889E-421E-823D-34A2C18FBD3F}"
EndProject
Project("{FAE04EC0-301F-11D3-BF4B-00C04F79EFBC}") = "Multishop.Cargo.WepApi", "Services\Cargo\Multishop.Cargo.WepApi\Multishop.Cargo.WepApi.csproj", "{45DAD2CA-308B-4262-BD16-B076C7177C86}"
EndProject
Project("{2150E333-8FDC-42A3-9474-1A3956D46DE8}") = "Requirements", "Requirements", "{C768BFC5-87E9-4BE6-8F75-1055B643BCDF}"
	ProjectSection(SolutionItems) = preProject
		PortNumbers.txt = PortNumbers.txt
	EndProjectSection
EndProject
Project("{2150E333-8FDC-42A3-9474-1A3956D46DE8}") = "Basket", "Basket", "{E68E72AA-3A04-4FEB-B02A-AD988AADF40E}"
EndProject
Project("{FAE04EC0-301F-11D3-BF4B-00C04F79EFBC}") = "Multishop.Basket", "Services\Basket\Multishop.Basket\Multishop.Basket.csproj", "{572EE968-1138-414E-8966-195009AB2F1A}"
EndProject
Project("{2150E333-8FDC-42A3-9474-1A3956D46DE8}") = "Frontends", "Frontends", "{8B31B063-CB9A-48AD-B3E3-80487C5B904A}"
EndProject
Project("{FAE04EC0-301F-11D3-BF4B-00C04F79EFBC}") = "MultiShop.WebUI", "Frontends\MultiShop.WebUI\MultiShop.WebUI.csproj", "{B48A660B-16D5-4FD7-95AE-B4D336940A31}"
EndProject
Project("{FAE04EC0-301F-11D3-BF4B-00C04F79EFBC}") = "Multishop.DtoLayer", "Frontends\Multishop.DtoLayer\Multishop.DtoLayer.csproj", "{90708E3A-08CC-4AB4-BA2A-FAC8B0852591}"
EndProject
Global
	GlobalSection(SolutionConfigurationPlatforms) = preSolution
		Debug|Any CPU = Debug|Any CPU
		Release|Any CPU = Release|Any CPU
	EndGlobalSection
	GlobalSection(ProjectConfigurationPlatforms) = postSolution
		{43F51DD4-0A68-4351-ABE2-ECB54A995CFC}.Debug|Any CPU.ActiveCfg = Debug|Any CPU
		{43F51DD4-0A68-4351-ABE2-ECB54A995CFC}.Debug|Any CPU.Build.0 = Debug|Any CPU
		{43F51DD4-0A68-4351-ABE2-ECB54A995CFC}.Release|Any CPU.ActiveCfg = Release|Any CPU
		{43F51DD4-0A68-4351-ABE2-ECB54A995CFC}.Release|Any CPU.Build.0 = Release|Any CPU
		{25C5971A-97D3-56EC-AC4D-FEF0E4BCC4B7}.Debug|Any CPU.ActiveCfg = Debug|Any CPU
		{25C5971A-97D3-56EC-AC4D-FEF0E4BCC4B7}.Debug|Any CPU.Build.0 = Debug|Any CPU
		{25C5971A-97D3-56EC-AC4D-FEF0E4BCC4B7}.Release|Any CPU.ActiveCfg = Release|Any CPU
		{25C5971A-97D3-56EC-AC4D-FEF0E4BCC4B7}.Release|Any CPU.Build.0 = Release|Any CPU
		{CBE33FBE-CA4C-411F-9F02-52DAD976FEB1}.Debug|Any CPU.ActiveCfg = Debug|Any CPU
		{CBE33FBE-CA4C-411F-9F02-52DAD976FEB1}.Debug|Any CPU.Build.0 = Debug|Any CPU
		{CBE33FBE-CA4C-411F-9F02-52DAD976FEB1}.Release|Any CPU.ActiveCfg = Release|Any CPU
		{CBE33FBE-CA4C-411F-9F02-52DAD976FEB1}.Release|Any CPU.Build.0 = Release|Any CPU
		{EA164044-03A6-4ED0-A7BB-9BBB06C06E03}.Debug|Any CPU.ActiveCfg = Debug|Any CPU
		{EA164044-03A6-4ED0-A7BB-9BBB06C06E03}.Debug|Any CPU.Build.0 = Debug|Any CPU
		{EA164044-03A6-4ED0-A7BB-9BBB06C06E03}.Release|Any CPU.ActiveCfg = Release|Any CPU
		{EA164044-03A6-4ED0-A7BB-9BBB06C06E03}.Release|Any CPU.Build.0 = Release|Any CPU
		{5EFDE688-412F-47FC-8723-80BB8B63B75B}.Debug|Any CPU.ActiveCfg = Debug|Any CPU
		{5EFDE688-412F-47FC-8723-80BB8B63B75B}.Debug|Any CPU.Build.0 = Debug|Any CPU
		{5EFDE688-412F-47FC-8723-80BB8B63B75B}.Release|Any CPU.ActiveCfg = Release|Any CPU
		{5EFDE688-412F-47FC-8723-80BB8B63B75B}.Release|Any CPU.Build.0 = Release|Any CPU
		{823E26C0-27F1-4224-BC8B-D7D9F5BE7BF5}.Debug|Any CPU.ActiveCfg = Debug|Any CPU
		{823E26C0-27F1-4224-BC8B-D7D9F5BE7BF5}.Debug|Any CPU.Build.0 = Debug|Any CPU
		{823E26C0-27F1-4224-BC8B-D7D9F5BE7BF5}.Release|Any CPU.ActiveCfg = Release|Any CPU
		{823E26C0-27F1-4224-BC8B-D7D9F5BE7BF5}.Release|Any CPU.Build.0 = Release|Any CPU
		{EA14094F-FB55-5ABC-1402-B4229C4AD0B1}.Debug|Any CPU.ActiveCfg = Debug|Any CPU
		{EA14094F-FB55-5ABC-1402-B4229C4AD0B1}.Debug|Any CPU.Build.0 = Debug|Any CPU
		{EA14094F-FB55-5ABC-1402-B4229C4AD0B1}.Release|Any CPU.ActiveCfg = Release|Any CPU
		{EA14094F-FB55-5ABC-1402-B4229C4AD0B1}.Release|Any CPU.Build.0 = Release|Any CPU
		{AECC8E3D-CFAA-49B4-BD76-5094A42E08DA}.Debug|Any CPU.ActiveCfg = Debug|Any CPU
		{AECC8E3D-CFAA-49B4-BD76-5094A42E08DA}.Debug|Any CPU.Build.0 = Debug|Any CPU
		{AECC8E3D-CFAA-49B4-BD76-5094A42E08DA}.Release|Any CPU.ActiveCfg = Release|Any CPU
		{AECC8E3D-CFAA-49B4-BD76-5094A42E08DA}.Release|Any CPU.Build.0 = Release|Any CPU
		{6E287EDF-0229-4ABB-AEE2-D844B9B9EF5E}.Debug|Any CPU.ActiveCfg = Debug|Any CPU
		{6E287EDF-0229-4ABB-AEE2-D844B9B9EF5E}.Debug|Any CPU.Build.0 = Debug|Any CPU
		{6E287EDF-0229-4ABB-AEE2-D844B9B9EF5E}.Release|Any CPU.ActiveCfg = Release|Any CPU
		{6E287EDF-0229-4ABB-AEE2-D844B9B9EF5E}.Release|Any CPU.Build.0 = Release|Any CPU
		{468EDFEB-52C0-487B-8D69-ED037EFE154F}.Debug|Any CPU.ActiveCfg = Debug|Any CPU
		{468EDFEB-52C0-487B-8D69-ED037EFE154F}.Debug|Any CPU.Build.0 = Debug|Any CPU
		{468EDFEB-52C0-487B-8D69-ED037EFE154F}.Release|Any CPU.ActiveCfg = Release|Any CPU
		{468EDFEB-52C0-487B-8D69-ED037EFE154F}.Release|Any CPU.Build.0 = Release|Any CPU
		{25C9E96A-889E-421E-823D-34A2C18FBD3F}.Debug|Any CPU.ActiveCfg = Debug|Any CPU
		{25C9E96A-889E-421E-823D-34A2C18FBD3F}.Debug|Any CPU.Build.0 = Debug|Any CPU
		{25C9E96A-889E-421E-823D-34A2C18FBD3F}.Release|Any CPU.ActiveCfg = Release|Any CPU
		{25C9E96A-889E-421E-823D-34A2C18FBD3F}.Release|Any CPU.Build.0 = Release|Any CPU
		{45DAD2CA-308B-4262-BD16-B076C7177C86}.Debug|Any CPU.ActiveCfg = Debug|Any CPU
		{45DAD2CA-308B-4262-BD16-B076C7177C86}.Debug|Any CPU.Build.0 = Debug|Any CPU
		{45DAD2CA-308B-4262-BD16-B076C7177C86}.Release|Any CPU.ActiveCfg = Release|Any CPU
		{45DAD2CA-308B-4262-BD16-B076C7177C86}.Release|Any CPU.Build.0 = Release|Any CPU
		{572EE968-1138-414E-8966-195009AB2F1A}.Debug|Any CPU.ActiveCfg = Debug|Any CPU
		{572EE968-1138-414E-8966-195009AB2F1A}.Debug|Any CPU.Build.0 = Debug|Any CPU
		{572EE968-1138-414E-8966-195009AB2F1A}.Release|Any CPU.ActiveCfg = Release|Any CPU
		{572EE968-1138-414E-8966-195009AB2F1A}.Release|Any CPU.Build.0 = Release|Any CPU
		{B48A660B-16D5-4FD7-95AE-B4D336940A31}.Debug|Any CPU.ActiveCfg = Debug|Any CPU
		{B48A660B-16D5-4FD7-95AE-B4D336940A31}.Debug|Any CPU.Build.0 = Debug|Any CPU
		{B48A660B-16D5-4FD7-95AE-B4D336940A31}.Release|Any CPU.ActiveCfg = Release|Any CPU
		{B48A660B-16D5-4FD7-95AE-B4D336940A31}.Release|Any CPU.Build.0 = Release|Any CPU
		{90708E3A-08CC-4AB4-BA2A-FAC8B0852591}.Debug|Any CPU.ActiveCfg = Debug|Any CPU
		{90708E3A-08CC-4AB4-BA2A-FAC8B0852591}.Debug|Any CPU.Build.0 = Debug|Any CPU
		{90708E3A-08CC-4AB4-BA2A-FAC8B0852591}.Release|Any CPU.ActiveCfg = Release|Any CPU
		{90708E3A-08CC-4AB4-BA2A-FAC8B0852591}.Release|Any CPU.Build.0 = Release|Any CPU
	EndGlobalSection
	GlobalSection(SolutionProperties) = preSolution
		HideSolutionNode = FALSE
	EndGlobalSection
	GlobalSection(NestedProjects) = preSolution
		{C359E779-563D-4860-AB67-DB0F198ECF1D} = {02EA681E-C7D8-13C7-8484-4AC65E1B71E8}
		{8FF6D6FA-6A07-4736-ACC7-0B30EA15D3FF} = {02EA681E-C7D8-13C7-8484-4AC65E1B71E8}
		{43F51DD4-0A68-4351-ABE2-ECB54A995CFC} = {8FF6D6FA-6A07-4736-ACC7-0B30EA15D3FF}
		{25C5971A-97D3-56EC-AC4D-FEF0E4BCC4B7} = {C359E779-563D-4860-AB67-DB0F198ECF1D}
		{2ABDF6AD-2B08-45BA-9007-804DC3FA44E8} = {02EA681E-C7D8-13C7-8484-4AC65E1B71E8}
		{FA6C34E7-32A1-44F0-956F-38BE67E59975} = {2ABDF6AD-2B08-45BA-9007-804DC3FA44E8}
		{BC85D1A9-9DE0-4361-97CC-1F72E4AA82DE} = {2ABDF6AD-2B08-45BA-9007-804DC3FA44E8}
		{2A495A6E-293E-4076-89A8-E4055955F1F7} = {2ABDF6AD-2B08-45BA-9007-804DC3FA44E8}
		{CBE33FBE-CA4C-411F-9F02-52DAD976FEB1} = {FA6C34E7-32A1-44F0-956F-38BE67E59975}
		{EA164044-03A6-4ED0-A7BB-9BBB06C06E03} = {FA6C34E7-32A1-44F0-956F-38BE67E59975}
		{5EFDE688-412F-47FC-8723-80BB8B63B75B} = {BC85D1A9-9DE0-4361-97CC-1F72E4AA82DE}
		{823E26C0-27F1-4224-BC8B-D7D9F5BE7BF5} = {2A495A6E-293E-4076-89A8-E4055955F1F7}
		{EA14094F-FB55-5ABC-1402-B4229C4AD0B1} = {F7474726-E346-44B6-9665-C90D59B63B47}
		{AC8E513F-3367-4FB9-A4C2-FB46734148D8} = {02EA681E-C7D8-13C7-8484-4AC65E1B71E8}
		{AECC8E3D-CFAA-49B4-BD76-5094A42E08DA} = {AC8E513F-3367-4FB9-A4C2-FB46734148D8}
		{6E287EDF-0229-4ABB-AEE2-D844B9B9EF5E} = {AC8E513F-3367-4FB9-A4C2-FB46734148D8}
		{468EDFEB-52C0-487B-8D69-ED037EFE154F} = {AC8E513F-3367-4FB9-A4C2-FB46734148D8}
		{25C9E96A-889E-421E-823D-34A2C18FBD3F} = {AC8E513F-3367-4FB9-A4C2-FB46734148D8}
		{45DAD2CA-308B-4262-BD16-B076C7177C86} = {AC8E513F-3367-4FB9-A4C2-FB46734148D8}
		{E68E72AA-3A04-4FEB-B02A-AD988AADF40E} = {02EA681E-C7D8-13C7-8484-4AC65E1B71E8}
		{572EE968-1138-414E-8966-195009AB2F1A} = {E68E72AA-3A04-4FEB-B02A-AD988AADF40E}
		{B48A660B-16D5-4FD7-95AE-B4D336940A31} = {8B31B063-CB9A-48AD-B3E3-80487C5B904A}
		{90708E3A-08CC-4AB4-BA2A-FAC8B0852591} = {8B31B063-CB9A-48AD-B3E3-80487C5B904A}
	EndGlobalSection
	GlobalSection(ExtensibilityGlobals) = postSolution
		SolutionGuid = {11D66E43-0DE2-4E75-A73F-DCF5A6D6C6F5}
	EndGlobalSection
EndGlobal
